
Microsoft Visual Studio Solution File, Format Version 12.00
# Visual Studio 15
VisualStudioVersion = 15.0.27130.2027
MinimumVisualStudioVersion = 10.0.40219.1
Project("{FAE04EC0-301F-11D3-BF4B-00C04F79EFBC}") = "TP3", "WindowsFormsApp1\TP3.csproj", "{C2045072-DA02-4897-BB95-9B0BEA165B1C}"
EndProject
Global
	GlobalSection(SolutionConfigurationPlatforms) = preSolution
		Debug|Any CPU = Debug|Any CPU
		Release|Any CPU = Release|Any CPU
	EndGlobalSection
	GlobalSection(ProjectConfigurationPlatforms) = postSolution
		{C2045072-DA02-4897-BB95-9B0BEA165B1C}.Debug|Any CPU.ActiveCfg = Debug|Any CPU
		{C2045072-DA02-4897-BB95-9B0BEA165B1C}.Debug|Any CPU.Build.0 = Debug|Any CPU
		{C2045072-DA02-4897-BB95-9B0BEA165B1C}.Release|Any CPU.ActiveCfg = Release|Any CPU
		{C2045072-DA02-4897-BB95-9B0BEA165B1C}.Release|Any CPU.Build.0 = Release|Any CPU
	EndGlobalSection
	GlobalSection(SolutionProperties) = preSolution
		HideSolutionNode = FALSE
	EndGlobalSection
	GlobalSection(ExtensibilityGlobals) = postSolution
		SolutionGuid = {F415BEF4-6751-4714-B86B-FFC68D71F447}
	EndGlobalSection
EndGlobal
